// !$*UTF8*$!
{
	archiveVersion = 1;
	classes = {
	};
	objectVersion = 56;
	objects = {

/* Begin PBXBuildFile section */
		E418CDC728BDD665006BABFC /* WatchTestWatchApp.swift in Sources */ = {isa = PBXBuildFile; fileRef = E418CDC628BDD665006BABFC /* WatchTestWatchApp.swift */; };
		E418CDC928BDD665006BABFC /* ContentView.swift in Sources */ = {isa = PBXBuildFile; fileRef = E418CDC828BDD665006BABFC /* ContentView.swift */; };
		E418CDCB28BDD665006BABFC /* Assets.xcassets in Resources */ = {isa = PBXBuildFile; fileRef = E418CDCA28BDD665006BABFC /* Assets.xcassets */; };
		E418CDCE28BDD665006BABFC /* Preview Assets.xcassets in Resources */ = {isa = PBXBuildFile; fileRef = E418CDCD28BDD665006BABFC /* Preview Assets.xcassets */; };
		E418CDD928BDD691006BABFC /* WidgetKit.framework in Frameworks */ = {isa = PBXBuildFile; fileRef = E418CDD828BDD691006BABFC /* WidgetKit.framework */; };
		E418CDDB28BDD691006BABFC /* SwiftUI.framework in Frameworks */ = {isa = PBXBuildFile; fileRef = E418CDDA28BDD691006BABFC /* SwiftUI.framework */; };
		E418CDDE28BDD692006BABFC /* WidgetWatch.swift in Sources */ = {isa = PBXBuildFile; fileRef = E418CDDD28BDD692006BABFC /* WidgetWatch.swift */; };
		E418CDE128BDD692006BABFC /* Assets.xcassets in Resources */ = {isa = PBXBuildFile; fileRef = E418CDE028BDD692006BABFC /* Assets.xcassets */; };
		E418CDE328BDD692006BABFC /* WidgetWatch.intentdefinition in Sources */ = {isa = PBXBuildFile; fileRef = E418CDDF28BDD692006BABFC /* WidgetWatch.intentdefinition */; };
		E418CDE428BDD692006BABFC /* WidgetWatch.intentdefinition in Sources */ = {isa = PBXBuildFile; fileRef = E418CDDF28BDD692006BABFC /* WidgetWatch.intentdefinition */; };
		E418CDE728BDD692006BABFC /* WidgetWatchExtension.appex in Embed Foundation Extensions */ = {isa = PBXBuildFile; fileRef = E418CDD628BDD691006BABFC /* WidgetWatchExtension.appex */; settings = {ATTRIBUTES = (RemoveHeadersOnCopy, ); }; };
		E4D6669D28BDD5A6007BC0C3 /* WatchTestApp.swift in Sources */ = {isa = PBXBuildFile; fileRef = E4D6669C28BDD5A6007BC0C3 /* WatchTestApp.swift */; };
		E4D6669F28BDD5A6007BC0C3 /* ContentView.swift in Sources */ = {isa = PBXBuildFile; fileRef = E4D6669E28BDD5A6007BC0C3 /* ContentView.swift */; };
		E4D666A128BDD5A8007BC0C3 /* Assets.xcassets in Resources */ = {isa = PBXBuildFile; fileRef = E4D666A028BDD5A8007BC0C3 /* Assets.xcassets */; };
		E4D666A528BDD5A8007BC0C3 /* Preview Assets.xcassets in Resources */ = {isa = PBXBuildFile; fileRef = E4D666A428BDD5A8007BC0C3 /* Preview Assets.xcassets */; };
/* End PBXBuildFile section */

/* Begin PBXContainerItemProxy section */
		E418CDE528BDD692006BABFC /* PBXContainerItemProxy */ = {
			isa = PBXContainerItemProxy;
			containerPortal = E4D6669128BDD5A6007BC0C3 /* Project object */;
			proxyType = 1;
			remoteGlobalIDString = E418CDD528BDD691006BABFC;
			remoteInfo = WidgetWatchExtension;
		};
/* End PBXContainerItemProxy section */

/* Begin PBXCopyFilesBuildPhase section */
		E418CDEB28BDD692006BABFC /* Embed Foundation Extensions */ = {
			isa = PBXCopyFilesBuildPhase;
			buildActionMask = 2147483647;
			dstPath = "";
			dstSubfolderSpec = 13;
			files = (
				E418CDE728BDD692006BABFC /* WidgetWatchExtension.appex in Embed Foundation Extensions */,
			);
			name = "Embed Foundation Extensions";
			runOnlyForDeploymentPostprocessing = 0;
		};
/* End PBXCopyFilesBuildPhase section */

/* Begin PBXFileReference section */
		E418CDC428BDD665006BABFC /* WatchTestWatch Watch App.app */ = {isa = PBXFileReference; explicitFileType = wrapper.application; includeInIndex = 0; path = "WatchTestWatch Watch App.app"; sourceTree = BUILT_PRODUCTS_DIR; };
		E418CDC628BDD665006BABFC /* WatchTestWatchApp.swift */ = {isa = PBXFileReference; lastKnownFileType = sourcecode.swift; path = WatchTestWatchApp.swift; sourceTree = "<group>"; };
		E418CDC828BDD665006BABFC /* ContentView.swift */ = {isa = PBXFileReference; lastKnownFileType = sourcecode.swift; path = ContentView.swift; sourceTree = "<group>"; };
		E418CDCA28BDD665006BABFC /* Assets.xcassets */ = {isa = PBXFileReference; lastKnownFileType = folder.assetcatalog; path = Assets.xcassets; sourceTree = "<group>"; };
		E418CDCD28BDD665006BABFC /* Preview Assets.xcassets */ = {isa = PBXFileReference; lastKnownFileType = folder.assetcatalog; path = "Preview Assets.xcassets"; sourceTree = "<group>"; };
		E418CDD628BDD691006BABFC /* WidgetWatchExtension.appex */ = {isa = PBXFileReference; explicitFileType = "wrapper.app-extension"; includeInIndex = 0; path = WidgetWatchExtension.appex; sourceTree = BUILT_PRODUCTS_DIR; };
		E418CDD828BDD691006BABFC /* WidgetKit.framework */ = {isa = PBXFileReference; lastKnownFileType = wrapper.framework; name = WidgetKit.framework; path = System/Library/Frameworks/WidgetKit.framework; sourceTree = SDKROOT; };
		E418CDDA28BDD691006BABFC /* SwiftUI.framework */ = {isa = PBXFileReference; lastKnownFileType = wrapper.framework; name = SwiftUI.framework; path = System/Library/Frameworks/SwiftUI.framework; sourceTree = SDKROOT; };
		E418CDDD28BDD692006BABFC /* WidgetWatch.swift */ = {isa = PBXFileReference; lastKnownFileType = sourcecode.swift; path = WidgetWatch.swift; sourceTree = "<group>"; };
		E418CDDF28BDD692006BABFC /* WidgetWatch.intentdefinition */ = {isa = PBXFileReference; lastKnownFileType = file.intentdefinition; path = WidgetWatch.intentdefinition; sourceTree = "<group>"; };
		E418CDE028BDD692006BABFC /* Assets.xcassets */ = {isa = PBXFileReference; lastKnownFileType = folder.assetcatalog; path = Assets.xcassets; sourceTree = "<group>"; };
		E418CDE228BDD692006BABFC /* Info.plist */ = {isa = PBXFileReference; lastKnownFileType = text.plist.xml; path = Info.plist; sourceTree = "<group>"; };
		E4D6669928BDD5A6007BC0C3 /* WatchTest.app */ = {isa = PBXFileReference; explicitFileType = wrapper.application; includeInIndex = 0; path = WatchTest.app; sourceTree = BUILT_PRODUCTS_DIR; };
		E4D6669C28BDD5A6007BC0C3 /* WatchTestApp.swift */ = {isa = PBXFileReference; lastKnownFileType = sourcecode.swift; path = WatchTestApp.swift; sourceTree = "<group>"; };
		E4D6669E28BDD5A6007BC0C3 /* ContentView.swift */ = {isa = PBXFileReference; lastKnownFileType = sourcecode.swift; path = ContentView.swift; sourceTree = "<group>"; };
		E4D666A028BDD5A8007BC0C3 /* Assets.xcassets */ = {isa = PBXFileReference; lastKnownFileType = folder.assetcatalog; path = Assets.xcassets; sourceTree = "<group>"; };
		E4D666A228BDD5A8007BC0C3 /* WatchTest.entitlements */ = {isa = PBXFileReference; lastKnownFileType = text.plist.entitlements; path = WatchTest.entitlements; sourceTree = "<group>"; };
		E4D666A428BDD5A8007BC0C3 /* Preview Assets.xcassets */ = {isa = PBXFileReference; lastKnownFileType = folder.assetcatalog; path = "Preview Assets.xcassets"; sourceTree = "<group>"; };
/* End PBXFileReference section */

/* Begin PBXFrameworksBuildPhase section */
		E418CDC128BDD665006BABFC /* Frameworks */ = {
			isa = PBXFrameworksBuildPhase;
			buildActionMask = 2147483647;
			files = (
			);
			runOnlyForDeploymentPostprocessing = 0;
		};
		E418CDD328BDD691006BABFC /* Frameworks */ = {
			isa = PBXFrameworksBuildPhase;
			buildActionMask = 2147483647;
			files = (
				E418CDDB28BDD691006BABFC /* SwiftUI.framework in Frameworks */,
				E418CDD928BDD691006BABFC /* WidgetKit.framework in Frameworks */,
			);
			runOnlyForDeploymentPostprocessing = 0;
		};
		E4D6669628BDD5A6007BC0C3 /* Frameworks */ = {
			isa = PBXFrameworksBuildPhase;
			buildActionMask = 2147483647;
			files = (
			);
			runOnlyForDeploymentPostprocessing = 0;
		};
/* End PBXFrameworksBuildPhase section */

/* Begin PBXGroup section */
		E418CDC528BDD665006BABFC /* WatchTestWatch Watch App */ = {
			isa = PBXGroup;
			children = (
				E418CDC628BDD665006BABFC /* WatchTestWatchApp.swift */,
				E418CDC828BDD665006BABFC /* ContentView.swift */,
				E418CDCA28BDD665006BABFC /* Assets.xcassets */,
				E418CDCC28BDD665006BABFC /* Preview Content */,
			);
			path = "WatchTestWatch Watch App";
			sourceTree = "<group>";
		};
		E418CDCC28BDD665006BABFC /* Preview Content */ = {
			isa = PBXGroup;
			children = (
				E418CDCD28BDD665006BABFC /* Preview Assets.xcassets */,
			);
			path = "Preview Content";
			sourceTree = "<group>";
		};
		E418CDD728BDD691006BABFC /* Frameworks */ = {
			isa = PBXGroup;
			children = (
				E418CDD828BDD691006BABFC /* WidgetKit.framework */,
				E418CDDA28BDD691006BABFC /* SwiftUI.framework */,
			);
			name = Frameworks;
			sourceTree = "<group>";
		};
		E418CDDC28BDD692006BABFC /* WidgetWatch */ = {
			isa = PBXGroup;
			children = (
				E418CDDD28BDD692006BABFC /* WidgetWatch.swift */,
				E418CDDF28BDD692006BABFC /* WidgetWatch.intentdefinition */,
				E418CDE028BDD692006BABFC /* Assets.xcassets */,
				E418CDE228BDD692006BABFC /* Info.plist */,
			);
			path = WidgetWatch;
			sourceTree = "<group>";
		};
		E4D6669028BDD5A6007BC0C3 = {
			isa = PBXGroup;
			children = (
				E4D6669B28BDD5A6007BC0C3 /* WatchTest */,
				E418CDC528BDD665006BABFC /* WatchTestWatch Watch App */,
				E418CDDC28BDD692006BABFC /* WidgetWatch */,
				E418CDD728BDD691006BABFC /* Frameworks */,
				E4D6669A28BDD5A6007BC0C3 /* Products */,
			);
			sourceTree = "<group>";
		};
		E4D6669A28BDD5A6007BC0C3 /* Products */ = {
			isa = PBXGroup;
			children = (
				E4D6669928BDD5A6007BC0C3 /* WatchTest.app */,
				E418CDC428BDD665006BABFC /* WatchTestWatch Watch App.app */,
				E418CDD628BDD691006BABFC /* WidgetWatchExtension.appex */,
			);
			name = Products;
			sourceTree = "<group>";
		};
		E4D6669B28BDD5A6007BC0C3 /* WatchTest */ = {
			isa = PBXGroup;
			children = (
				E4D6669C28BDD5A6007BC0C3 /* WatchTestApp.swift */,
				E4D6669E28BDD5A6007BC0C3 /* ContentView.swift */,
				E4D666A028BDD5A8007BC0C3 /* Assets.xcassets */,
				E4D666A228BDD5A8007BC0C3 /* WatchTest.entitlements */,
				E4D666A328BDD5A8007BC0C3 /* Preview Content */,
			);
			path = WatchTest;
			sourceTree = "<group>";
		};
		E4D666A328BDD5A8007BC0C3 /* Preview Content */ = {
			isa = PBXGroup;
			children = (
				E4D666A428BDD5A8007BC0C3 /* Preview Assets.xcassets */,
			);
			path = "Preview Content";
			sourceTree = "<group>";
		};
/* End PBXGroup section */

/* Begin PBXNativeTarget section */
		E418CDC328BDD665006BABFC /* WatchTestWatch Watch App */ = {
			isa = PBXNativeTarget;
			buildConfigurationList = E418CDD128BDD665006BABFC /* Build configuration list for PBXNativeTarget "WatchTestWatch Watch App" */;
			buildPhases = (
				E418CDC028BDD665006BABFC /* Sources */,
				E418CDC128BDD665006BABFC /* Frameworks */,
				E418CDC228BDD665006BABFC /* Resources */,
				E418CDEB28BDD692006BABFC /* Embed Foundation Extensions */,
			);
			buildRules = (
			);
			dependencies = (
				E418CDE628BDD692006BABFC /* PBXTargetDependency */,
			);
			name = "WatchTestWatch Watch App";
			productName = "WatchTestWatch Watch App";
			productReference = E418CDC428BDD665006BABFC /* WatchTestWatch Watch App.app */;
			productType = "com.apple.product-type.application";
		};
		E418CDD528BDD691006BABFC /* WidgetWatchExtension */ = {
			isa = PBXNativeTarget;
			buildConfigurationList = E418CDE828BDD692006BABFC /* Build configuration list for PBXNativeTarget "WidgetWatchExtension" */;
			buildPhases = (
				E418CDD228BDD691006BABFC /* Sources */,
				E418CDD328BDD691006BABFC /* Frameworks */,
				E418CDD428BDD691006BABFC /* Resources */,
			);
			buildRules = (
			);
			dependencies = (
			);
			name = WidgetWatchExtension;
			productName = WidgetWatchExtension;
			productReference = E418CDD628BDD691006BABFC /* WidgetWatchExtension.appex */;
			productType = "com.apple.product-type.app-extension";
		};
		E4D6669828BDD5A6007BC0C3 /* WatchTest */ = {
			isa = PBXNativeTarget;
			buildConfigurationList = E4D666A828BDD5A8007BC0C3 /* Build configuration list for PBXNativeTarget "WatchTest" */;
			buildPhases = (
				E4D6669528BDD5A6007BC0C3 /* Sources */,
				E4D6669628BDD5A6007BC0C3 /* Frameworks */,
				E4D6669728BDD5A6007BC0C3 /* Resources */,
			);
			buildRules = (
			);
			dependencies = (
			);
			name = WatchTest;
			productName = WatchTest;
			productReference = E4D6669928BDD5A6007BC0C3 /* WatchTest.app */;
			productType = "com.apple.product-type.application";
		};
/* End PBXNativeTarget section */

/* Begin PBXProject section */
		E4D6669128BDD5A6007BC0C3 /* Project object */ = {
			isa = PBXProject;
			attributes = {
				BuildIndependentTargetsInParallel = 1;
				LastSwiftUpdateCheck = 1400;
				LastUpgradeCheck = 1400;
				TargetAttributes = {
					E418CDC328BDD665006BABFC = {
						CreatedOnToolsVersion = 14.0;
					};
					E418CDD528BDD691006BABFC = {
						CreatedOnToolsVersion = 14.0;
					};
					E4D6669828BDD5A6007BC0C3 = {
						CreatedOnToolsVersion = 14.0;
					};
				};
			};
			buildConfigurationList = E4D6669428BDD5A6007BC0C3 /* Build configuration list for PBXProject "WatchTest" */;
			compatibilityVersion = "Xcode 14.0";
			developmentRegion = en;
			hasScannedForEncodings = 0;
			knownRegions = (
				en,
				Base,
			);
			mainGroup = E4D6669028BDD5A6007BC0C3;
			productRefGroup = E4D6669A28BDD5A6007BC0C3 /* Products */;
			projectDirPath = "";
			projectRoot = "";
			targets = (
				E4D6669828BDD5A6007BC0C3 /* WatchTest */,
				E418CDC328BDD665006BABFC /* WatchTestWatch Watch App */,
				E418CDD528BDD691006BABFC /* WidgetWatchExtension */,
			);
		};
/* End PBXProject section */

/* Begin PBXResourcesBuildPhase section */
		E418CDC228BDD665006BABFC /* Resources */ = {
			isa = PBXResourcesBuildPhase;
			buildActionMask = 2147483647;
			files = (
				E418CDCE28BDD665006BABFC /* Preview Assets.xcassets in Resources */,
				E418CDCB28BDD665006BABFC /* Assets.xcassets in Resources */,
			);
			runOnlyForDeploymentPostprocessing = 0;
		};
		E418CDD428BDD691006BABFC /* Resources */ = {
			isa = PBXResourcesBuildPhase;
			buildActionMask = 2147483647;
			files = (
				E418CDE128BDD692006BABFC /* Assets.xcassets in Resources */,
			);
			runOnlyForDeploymentPostprocessing = 0;
		};
		E4D6669728BDD5A6007BC0C3 /* Resources */ = {
			isa = PBXResourcesBuildPhase;
			buildActionMask = 2147483647;
			files = (
				E4D666A528BDD5A8007BC0C3 /* Preview Assets.xcassets in Resources */,
				E4D666A128BDD5A8007BC0C3 /* Assets.xcassets in Resources */,
			);
			runOnlyForDeploymentPostprocessing = 0;
		};
/* End PBXResourcesBuildPhase section */

/* Begin PBXSourcesBuildPhase section */
		E418CDC028BDD665006BABFC /* Sources */ = {
			isa = PBXSourcesBuildPhase;
			buildActionMask = 2147483647;
			files = (
				E418CDC928BDD665006BABFC /* ContentView.swift in Sources */,
				E418CDE428BDD692006BABFC /* WidgetWatch.intentdefinition in Sources */,
				E418CDC728BDD665006BABFC /* WatchTestWatchApp.swift in Sources */,
			);
			runOnlyForDeploymentPostprocessing = 0;
		};
		E418CDD228BDD691006BABFC /* Sources */ = {
			isa = PBXSourcesBuildPhase;
			buildActionMask = 2147483647;
			files = (
				E418CDE328BDD692006BABFC /* WidgetWatch.intentdefinition in Sources */,
				E418CDDE28BDD692006BABFC /* WidgetWatch.swift in Sources */,
			);
			runOnlyForDeploymentPostprocessing = 0;
		};
		E4D6669528BDD5A6007BC0C3 /* Sources */ = {
			isa = PBXSourcesBuildPhase;
			buildActionMask = 2147483647;
			files = (
				E4D6669F28BDD5A6007BC0C3 /* ContentView.swift in Sources */,
				E4D6669D28BDD5A6007BC0C3 /* WatchTestApp.swift in Sources */,
			);
			runOnlyForDeploymentPostprocessing = 0;
		};
/* End PBXSourcesBuildPhase section */

/* Begin PBXTargetDependency section */
		E418CDE628BDD692006BABFC /* PBXTargetDependency */ = {
			isa = PBXTargetDependency;
			target = E418CDD528BDD691006BABFC /* WidgetWatchExtension */;
			targetProxy = E418CDE528BDD692006BABFC /* PBXContainerItemProxy */;
		};
/* End PBXTargetDependency section */

/* Begin XCBuildConfiguration section */
		E418CDCF28BDD665006BABFC /* Debug */ = {
			isa = XCBuildConfiguration;
			buildSettings = {
				ALWAYS_EMBED_SWIFT_STANDARD_LIBRARIES = YES;
				ASSETCATALOG_COMPILER_APPICON_NAME = AppIcon;
				ASSETCATALOG_COMPILER_GLOBAL_ACCENT_COLOR_NAME = AccentColor;
				CODE_SIGN_STYLE = Automatic;
				CURRENT_PROJECT_VERSION = 1;
				DEVELOPMENT_ASSET_PATHS = "\"WatchTestWatch Watch App/Preview Content\"";
				DEVELOPMENT_TEAM = T2C99TS4MS;
				ENABLE_PREVIEWS = YES;
				GENERATE_INFOPLIST_FILE = YES;
				INFOPLIST_KEY_CFBundleDisplayName = WatchTestWatch;
				INFOPLIST_KEY_UISupportedInterfaceOrientations = "UIInterfaceOrientationPortrait UIInterfaceOrientationPortraitUpsideDown";
				INFOPLIST_KEY_WKCompanionAppBundleIdentifier = "";
				LD_RUNPATH_SEARCH_PATHS = (
					"$(inherited)",
					"@executable_path/Frameworks",
				);
				MARKETING_VERSION = 1.0;
				PRODUCT_BUNDLE_IDENTIFIER = .watchkitapp;
				PRODUCT_NAME = "$(TARGET_NAME)";
				SDKROOT = watchos;
				SKIP_INSTALL = YES;
				SWIFT_EMIT_LOC_STRINGS = YES;
				SWIFT_VERSION = 5.0;
				TARGETED_DEVICE_FAMILY = 4;
				WATCHOS_DEPLOYMENT_TARGET = 9.0;
			};
			name = Debug;
		};
		E418CDD028BDD665006BABFC /* Release */ = {
			isa = XCBuildConfiguration;
			buildSettings = {
				ALWAYS_EMBED_SWIFT_STANDARD_LIBRARIES = YES;
				ASSETCATALOG_COMPILER_APPICON_NAME = AppIcon;
				ASSETCATALOG_COMPILER_GLOBAL_ACCENT_COLOR_NAME = AccentColor;
				CODE_SIGN_STYLE = Automatic;
				CURRENT_PROJECT_VERSION = 1;
				DEVELOPMENT_ASSET_PATHS = "\"WatchTestWatch Watch App/Preview Content\"";
				DEVELOPMENT_TEAM = T2C99TS4MS;
				ENABLE_PREVIEWS = YES;
				GENERATE_INFOPLIST_FILE = YES;
				INFOPLIST_KEY_CFBundleDisplayName = WatchTestWatch;
				INFOPLIST_KEY_UISupportedInterfaceOrientations = "UIInterfaceOrientationPortrait UIInterfaceOrientationPortraitUpsideDown";
				INFOPLIST_KEY_WKCompanionAppBundleIdentifier = "";
				LD_RUNPATH_SEARCH_PATHS = (
					"$(inherited)",
					"@executable_path/Frameworks",
				);
				MARKETING_VERSION = 1.0;
				PRODUCT_BUNDLE_IDENTIFIER = .watchkitapp;
				PRODUCT_NAME = "$(TARGET_NAME)";
				SDKROOT = watchos;
				SKIP_INSTALL = YES;
				SWIFT_EMIT_LOC_STRINGS = YES;
				SWIFT_VERSION = 5.0;
				TARGETED_DEVICE_FAMILY = 4;
				VALIDATE_PRODUCT = YES;
				WATCHOS_DEPLOYMENT_TARGET = 9.0;
			};
			name = Release;
		};
		E418CDE928BDD692006BABFC /* Debug */ = {
			isa = XCBuildConfiguration;
			buildSettings = {
				ASSETCATALOG_COMPILER_GLOBAL_ACCENT_COLOR_NAME = AccentColor;
				ASSETCATALOG_COMPILER_WIDGET_BACKGROUND_COLOR_NAME = WidgetBackground;
				CODE_SIGN_STYLE = Automatic;
				CURRENT_PROJECT_VERSION = 1;
				DEVELOPMENT_TEAM = T2C99TS4MS;
				GENERATE_INFOPLIST_FILE = YES;
				INFOPLIST_FILE = WidgetWatch/Info.plist;
				INFOPLIST_KEY_CFBundleDisplayName = WidgetWatch;
				INFOPLIST_KEY_NSHumanReadableCopyright = "";
				LD_RUNPATH_SEARCH_PATHS = (
					"$(inherited)",
					"@executable_path/Frameworks",
					"@executable_path/../../Frameworks",
					"@executable_path/../../../../Frameworks",
				);
				MARKETING_VERSION = 1.0;
				PRODUCT_BUNDLE_IDENTIFIER = .watchkitapp.WidgetWatch;
				PRODUCT_NAME = "$(TARGET_NAME)";
				SDKROOT = watchos;
				SKIP_INSTALL = YES;
				SWIFT_EMIT_LOC_STRINGS = YES;
				SWIFT_VERSION = 5.0;
				TARGETED_DEVICE_FAMILY = 4;
				WATCHOS_DEPLOYMENT_TARGET = 9.0;
			};
			name = Debug;
		};
		E418CDEA28BDD692006BABFC /* Release */ = {
			isa = XCBuildConfiguration;
			buildSettings = {
				ASSETCATALOG_COMPILER_GLOBAL_ACCENT_COLOR_NAME = AccentColor;
				ASSETCATALOG_COMPILER_WIDGET_BACKGROUND_COLOR_NAME = WidgetBackground;
				CODE_SIGN_STYLE = Automatic;
				CURRENT_PROJECT_VERSION = 1;
				DEVELOPMENT_TEAM = T2C99TS4MS;
				GENERATE_INFOPLIST_FILE = YES;
				INFOPLIST_FILE = WidgetWatch/Info.plist;
				INFOPLIST_KEY_CFBundleDisplayName = WidgetWatch;
				INFOPLIST_KEY_NSHumanReadableCopyright = "";
				LD_RUNPATH_SEARCH_PATHS = (
					"$(inherited)",
					"@executable_path/Frameworks",
					"@executable_path/../../Frameworks",
					"@executable_path/../../../../Frameworks",
				);
				MARKETING_VERSION = 1.0;
				PRODUCT_BUNDLE_IDENTIFIER = .watchkitapp.WidgetWatch;
				PRODUCT_NAME = "$(TARGET_NAME)";
				SDKROOT = watchos;
				SKIP_INSTALL = YES;
				SWIFT_EMIT_LOC_STRINGS = YES;
				SWIFT_VERSION = 5.0;
				TARGETED_DEVICE_FAMILY = 4;
				VALIDATE_PRODUCT = YES;
				WATCHOS_DEPLOYMENT_TARGET = 9.0;
			};
			name = Release;
		};
		E4D666A628BDD5A8007BC0C3 /* Debug */ = {
			isa = XCBuildConfiguration;
			buildSettings = {
				ALWAYS_SEARCH_USER_PATHS = NO;
				CLANG_ANALYZER_NONNULL = YES;
				CLANG_ANALYZER_NUMBER_OBJECT_CONVERSION = YES_AGGRESSIVE;
				CLANG_CXX_LANGUAGE_STANDARD = "gnu++20";
				CLANG_ENABLE_MODULES = YES;
				CLANG_ENABLE_OBJC_ARC = YES;
				CLANG_ENABLE_OBJC_WEAK = YES;
				CLANG_WARN_BLOCK_CAPTURE_AUTORELEASING = YES;
				CLANG_WARN_BOOL_CONVERSION = YES;
				CLANG_WARN_COMMA = YES;
				CLANG_WARN_CONSTANT_CONVERSION = YES;
				CLANG_WARN_DEPRECATED_OBJC_IMPLEMENTATIONS = YES;
				CLANG_WARN_DIRECT_OBJC_ISA_USAGE = YES_ERROR;
				CLANG_WARN_DOCUMENTATION_COMMENTS = YES;
				CLANG_WARN_EMPTY_BODY = YES;
				CLANG_WARN_ENUM_CONVERSION = YES;
				CLANG_WARN_INFINITE_RECURSION = YES;
				CLANG_WARN_INT_CONVERSION = YES;
				CLANG_WARN_NON_LITERAL_NULL_CONVERSION = YES;
				CLANG_WARN_OBJC_IMPLICIT_RETAIN_SELF = YES;
				CLANG_WARN_OBJC_LITERAL_CONVERSION = YES;
				CLANG_WARN_OBJC_ROOT_CLASS = YES_ERROR;
				CLANG_WARN_QUOTED_INCLUDE_IN_FRAMEWORK_HEADER = YES;
				CLANG_WARN_RANGE_LOOP_ANALYSIS = YES;
				CLANG_WARN_STRICT_PROTOTYPES = YES;
				CLANG_WARN_SUSPICIOUS_MOVE = YES;
				CLANG_WARN_UNGUARDED_AVAILABILITY = YES_AGGRESSIVE;
				CLANG_WARN_UNREACHABLE_CODE = YES;
				CLANG_WARN__DUPLICATE_METHOD_MATCH = YES;
				COPY_PHASE_STRIP = NO;
				DEBUG_INFORMATION_FORMAT = dwarf;
				ENABLE_STRICT_OBJC_MSGSEND = YES;
				ENABLE_TESTABILITY = YES;
				GCC_C_LANGUAGE_STANDARD = gnu11;
				GCC_DYNAMIC_NO_PIC = NO;
				GCC_NO_COMMON_BLOCKS = YES;
				GCC_OPTIMIZATION_LEVEL = 0;
				GCC_PREPROCESSOR_DEFINITIONS = (
					"DEBUG=1",
					"$(inherited)",
				);
				GCC_WARN_64_TO_32_BIT_CONVERSION = YES;
				GCC_WARN_ABOUT_RETURN_TYPE = YES_ERROR;
				GCC_WARN_UNDECLARED_SELECTOR = YES;
				GCC_WARN_UNINITIALIZED_AUTOS = YES_AGGRESSIVE;
				GCC_WARN_UNUSED_FUNCTION = YES;
				GCC_WARN_UNUSED_VARIABLE = YES;
				MTL_ENABLE_DEBUG_INFO = INCLUDE_SOURCE;
				MTL_FAST_MATH = YES;
				ONLY_ACTIVE_ARCH = YES;
				SWIFT_ACTIVE_COMPILATION_CONDITIONS = DEBUG;
				SWIFT_OPTIMIZATION_LEVEL = "-Onone";
			};
			name = Debug;
		};
		E4D666A728BDD5A8007BC0C3 /* Release */ = {
			isa = XCBuildConfiguration;
			buildSettings = {
				ALWAYS_SEARCH_USER_PATHS = NO;
				CLANG_ANALYZER_NONNULL = YES;
				CLANG_ANALYZER_NUMBER_OBJECT_CONVERSION = YES_AGGRESSIVE;
				CLANG_CXX_LANGUAGE_STANDARD = "gnu++20";
				CLANG_ENABLE_MODULES = YES;
				CLANG_ENABLE_OBJC_ARC = YES;
				CLANG_ENABLE_OBJC_WEAK = YES;
				CLANG_WARN_BLOCK_CAPTURE_AUTORELEASING = YES;
				CLANG_WARN_BOOL_CONVERSION = YES;
				CLANG_WARN_COMMA = YES;
				CLANG_WARN_CONSTANT_CONVERSION = YES;
				CLANG_WARN_DEPRECATED_OBJC_IMPLEMENTATIONS = YES;
				CLANG_WARN_DIRECT_OBJC_ISA_USAGE = YES_ERROR;
				CLANG_WARN_DOCUMENTATION_COMMENTS = YES;
				CLANG_WARN_EMPTY_BODY = YES;
				CLANG_WARN_ENUM_CONVERSION = YES;
				CLANG_WARN_INFINITE_RECURSION = YES;
				CLANG_WARN_INT_CONVERSION = YES;
				CLANG_WARN_NON_LITERAL_NULL_CONVERSION = YES;
				CLANG_WARN_OBJC_IMPLICIT_RETAIN_SELF = YES;
				CLANG_WARN_OBJC_LITERAL_CONVERSION = YES;
				CLANG_WARN_OBJC_ROOT_CLASS = YES_ERROR;
				CLANG_WARN_QUOTED_INCLUDE_IN_FRAMEWORK_HEADER = YES;
				CLANG_WARN_RANGE_LOOP_ANALYSIS = YES;
				CLANG_WARN_STRICT_PROTOTYPES = YES;
				CLANG_WARN_SUSPICIOUS_MOVE = YES;
				CLANG_WARN_UNGUARDED_AVAILABILITY = YES_AGGRESSIVE;
				CLANG_WARN_UNREACHABLE_CODE = YES;
				CLANG_WARN__DUPLICATE_METHOD_MATCH = YES;
				COPY_PHASE_STRIP = NO;
				DEBUG_INFORMATION_FORMAT = "dwarf-with-dsym";
				ENABLE_NS_ASSERTIONS = NO;
				ENABLE_STRICT_OBJC_MSGSEND = YES;
				GCC_C_LANGUAGE_STANDARD = gnu11;
				GCC_NO_COMMON_BLOCKS = YES;
				GCC_WARN_64_TO_32_BIT_CONVERSION = YES;
				GCC_WARN_ABOUT_RETURN_TYPE = YES_ERROR;
				GCC_WARN_UNDECLARED_SELECTOR = YES;
				GCC_WARN_UNINITIALIZED_AUTOS = YES_AGGRESSIVE;
				GCC_WARN_UNUSED_FUNCTION = YES;
				GCC_WARN_UNUSED_VARIABLE = YES;
				MTL_ENABLE_DEBUG_INFO = NO;
				MTL_FAST_MATH = YES;
				SWIFT_COMPILATION_MODE = wholemodule;
				SWIFT_OPTIMIZATION_LEVEL = "-O";
			};
			name = Release;
		};
		E4D666A928BDD5A8007BC0C3 /* Debug */ = {
			isa = XCBuildConfiguration;
			buildSettings = {
				ASSETCATALOG_COMPILER_APPICON_NAME = AppIcon;
				ASSETCATALOG_COMPILER_GLOBAL_ACCENT_COLOR_NAME = AccentColor;
				CODE_SIGN_ENTITLEMENTS = WatchTest/WatchTest.entitlements;
				CODE_SIGN_STYLE = Automatic;
				CURRENT_PROJECT_VERSION = 1;
				DEVELOPMENT_ASSET_PATHS = "\"WatchTest/Preview Content\"";
				DEVELOPMENT_TEAM = T2C99TS4MS;
				ENABLE_HARDENED_RUNTIME = YES;
				ENABLE_PREVIEWS = YES;
				GENERATE_INFOPLIST_FILE = YES;
				"INFOPLIST_KEY_UIApplicationSceneManifest_Generation[sdk=iphoneos*]" = YES;
				"INFOPLIST_KEY_UIApplicationSceneManifest_Generation[sdk=iphonesimulator*]" = YES;
				"INFOPLIST_KEY_UIApplicationSupportsIndirectInputEvents[sdk=iphoneos*]" = YES;
				"INFOPLIST_KEY_UIApplicationSupportsIndirectInputEvents[sdk=iphonesimulator*]" = YES;
				"INFOPLIST_KEY_UILaunchScreen_Generation[sdk=iphoneos*]" = YES;
				"INFOPLIST_KEY_UILaunchScreen_Generation[sdk=iphonesimulator*]" = YES;
				"INFOPLIST_KEY_UIStatusBarStyle[sdk=iphoneos*]" = UIStatusBarStyleDefault;
				"INFOPLIST_KEY_UIStatusBarStyle[sdk=iphonesimulator*]" = UIStatusBarStyleDefault;
				INFOPLIST_KEY_UISupportedInterfaceOrientations_iPad = "UIInterfaceOrientationPortrait UIInterfaceOrientationPortraitUpsideDown UIInterfaceOrientationLandscapeLeft UIInterfaceOrientationLandscapeRight";
				INFOPLIST_KEY_UISupportedInterfaceOrientations_iPhone = "UIInterfaceOrientationPortrait UIInterfaceOrientationLandscapeLeft UIInterfaceOrientationLandscapeRight";
				IPHONEOS_DEPLOYMENT_TARGET = 16.0;
				LD_RUNPATH_SEARCH_PATHS = "@executable_path/Frameworks";
				"LD_RUNPATH_SEARCH_PATHS[sdk=macosx*]" = "@executable_path/../Frameworks";
				MACOSX_DEPLOYMENT_TARGET = 12.5;
				MARKETING_VERSION = 1.0;
				PRODUCT_BUNDLE_IDENTIFIER = com.example.WatchTest;
				PRODUCT_NAME = "$(TARGET_NAME)";
				SDKROOT = auto;
				SUPPORTED_PLATFORMS = "iphoneos iphonesimulator macosx";
				SWIFT_EMIT_LOC_STRINGS = YES;
				SWIFT_VERSION = 5.0;
				TARGETED_DEVICE_FAMILY = "1,2";
			};
			name = Debug;
		};
		E4D666AA28BDD5A8007BC0C3 /* Release */ = {
			isa = XCBuildConfiguration;
			buildSettings = {
				ASSETCATALOG_COMPILER_APPICON_NAME = AppIcon;
				ASSETCATALOG_COMPILER_GLOBAL_ACCENT_COLOR_NAME = AccentColor;
				CODE_SIGN_ENTITLEMENTS = WatchTest/WatchTest.entitlements;
				CODE_SIGN_STYLE = Automatic;
				CURRENT_PROJECT_VERSION = 1;
				DEVELOPMENT_ASSET_PATHS = "\"WatchTest/Preview Content\"";
				DEVELOPMENT_TEAM = T2C99TS4MS;
				ENABLE_HARDENED_RUNTIME = YES;
				ENABLE_PREVIEWS = YES;
				GENERATE_INFOPLIST_FILE = YES;
				"INFOPLIST_KEY_UIApplicationSceneManifest_Generation[sdk=iphoneos*]" = YES;
				"INFOPLIST_KEY_UIApplicationSceneManifest_Generation[sdk=iphonesimulator*]" = YES;
				"INFOPLIST_KEY_UIApplicationSupportsIndirectInputEvents[sdk=iphoneos*]" = YES;
				"INFOPLIST_KEY_UIApplicationSupportsIndirectInputEvents[sdk=iphonesimulator*]" = YES;
				"INFOPLIST_KEY_UILaunchScreen_Generation[sdk=iphoneos*]" = YES;
				"INFOPLIST_KEY_UILaunchScreen_Generation[sdk=iphonesimulator*]" = YES;
				"INFOPLIST_KEY_UIStatusBarStyle[sdk=iphoneos*]" = UIStatusBarStyleDefault;
				"INFOPLIST_KEY_UIStatusBarStyle[sdk=iphonesimulator*]" = UIStatusBarStyleDefault;
				INFOPLIST_KEY_UISupportedInterfaceOrientations_iPad = "UIInterfaceOrientationPortrait UIInterfaceOrientationPortraitUpsideDown UIInterfaceOrientationLandscapeLeft UIInterfaceOrientationLandscapeRight";
				INFOPLIST_KEY_UISupportedInterfaceOrientations_iPhone = "UIInterfaceOrientationPortrait UIInterfaceOrientationLandscapeLeft UIInterfaceOrientationLandscapeRight";
				IPHONEOS_DEPLOYMENT_TARGET = 16.0;
				LD_RUNPATH_SEARCH_PATHS = "@executable_path/Frameworks";
				"LD_RUNPATH_SEARCH_PATHS[sdk=macosx*]" = "@executable_path/../Frameworks";
				MACOSX_DEPLOYMENT_TARGET = 12.5;
				MARKETING_VERSION = 1.0;
				PRODUCT_BUNDLE_IDENTIFIER = com.example.WatchTest;
				PRODUCT_NAME = "$(TARGET_NAME)";
				SDKROOT = auto;
				SUPPORTED_PLATFORMS = "iphoneos iphonesimulator macosx";
				SWIFT_EMIT_LOC_STRINGS = YES;
				SWIFT_VERSION = 5.0;
				TARGETED_DEVICE_FAMILY = "1,2";
			};
			name = Release;
		};
/* End XCBuildConfiguration section */

/* Begin XCConfigurationList section */
		E418CDD128BDD665006BABFC /* Build configuration list for PBXNativeTarget "WatchTestWatch Watch App" */ = {
			isa = XCConfigurationList;
			buildConfigurations = (
				E418CDCF28BDD665006BABFC /* Debug */,
				E418CDD028BDD665006BABFC /* Release */,
			);
			defaultConfigurationIsVisible = 0;
			defaultConfigurationName = Release;
		};
		E418CDE828BDD692006BABFC /* Build configuration list for PBXNativeTarget "WidgetWatchExtension" */ = {
			isa = XCConfigurationList;
			buildConfigurations = (
				E418CDE928BDD692006BABFC /* Debug */,
				E418CDEA28BDD692006BABFC /* Release */,
			);
			defaultConfigurationIsVisible = 0;
			defaultConfigurationName = Release;
		};
		E4D6669428BDD5A6007BC0C3 /* Build configuration list for PBXProject "WatchTest" */ = {
			isa = XCConfigurationList;
			buildConfigurations = (
				E4D666A628BDD5A8007BC0C3 /* Debug */,
				E4D666A728BDD5A8007BC0C3 /* Release */,
			);
			defaultConfigurationIsVisible = 0;
			defaultConfigurationName = Release;
		};
		E4D666A828BDD5A8007BC0C3 /* Build configuration list for PBXNativeTarget "WatchTest" */ = {
			isa = XCConfigurationList;
			buildConfigurations = (
				E4D666A928BDD5A8007BC0C3 /* Debug */,
				E4D666AA28BDD5A8007BC0C3 /* Release */,
			);
			defaultConfigurationIsVisible = 0;
			defaultConfigurationName = Release;
		};
/* End XCConfigurationList section */
	};
	rootObject = E4D6669128BDD5A6007BC0C3 /* Project object */;
}
